
Microsoft Visual Studio Solution File, Format Version 12.00
# Visual Studio Version 17
VisualStudioVersion = 17.14.36327.8 d17.14
MinimumVisualStudioVersion = 10.0.40219.1
Project("{FAE04EC0-301F-11D3-BF4B-00C04F79EFBC}") = "short_hand_if_else", "short_hand_if_else\short_hand_if_else.csproj", "{452CDD93-7FA1-4513-AA31-F0A6B2413F31}"
EndProject
Global
	GlobalSection(SolutionConfigurationPlatforms) = preSolution
		Debug|Any CPU = Debug|Any CPU
		Release|Any CPU = Release|Any CPU
	EndGlobalSection
	GlobalSection(ProjectConfigurationPlatforms) = postSolution
		{452CDD93-7FA1-4513-AA31-F0A6B2413F31}.Debug|Any CPU.ActiveCfg = Debug|Any CPU
		{452CDD93-7FA1-4513-AA31-F0A6B2413F31}.Debug|Any CPU.Build.0 = Debug|Any CPU
		{452CDD93-7FA1-4513-AA31-F0A6B2413F31}.Release|Any CPU.ActiveCfg = Release|Any CPU
		{452CDD93-7FA1-4513-AA31-F0A6B2413F31}.Release|Any CPU.Build.0 = Release|Any CPU
	EndGlobalSection
	GlobalSection(SolutionProperties) = preSolution
		HideSolutionNode = FALSE
	EndGlobalSection
	GlobalSection(ExtensibilityGlobals) = postSolution
		SolutionGuid = {9633C11C-929B-47FB-8A5B-6AC6C9122F16}
	EndGlobalSection
EndGlobal
