
Microsoft Visual Studio Solution File, Format Version 12.00
# Visual Studio Version 17
VisualStudioVersion = 17.14.36327.8 d17.14
MinimumVisualStudioVersion = 10.0.40219.1
Project("{FAE04EC0-301F-11D3-BF4B-00C04F79EFBC}") = "menu_caculator", "menu_caculator\menu_caculator.csproj", "{C736CA13-8B69-493C-B5F6-936A820AB019}"
EndProject
Global
	GlobalSection(SolutionConfigurationPlatforms) = preSolution
		Debug|Any CPU = Debug|Any CPU
		Release|Any CPU = Release|Any CPU
	EndGlobalSection
	GlobalSection(ProjectConfigurationPlatforms) = postSolution
		{C736CA13-8B69-493C-B5F6-936A820AB019}.Debug|Any CPU.ActiveCfg = Debug|Any CPU
		{C736CA13-8B69-493C-B5F6-936A820AB019}.Debug|Any CPU.Build.0 = Debug|Any CPU
		{C736CA13-8B69-493C-B5F6-936A820AB019}.Release|Any CPU.ActiveCfg = Release|Any CPU
		{C736CA13-8B69-493C-B5F6-936A820AB019}.Release|Any CPU.Build.0 = Release|Any CPU
	EndGlobalSection
	GlobalSection(SolutionProperties) = preSolution
		HideSolutionNode = FALSE
	EndGlobalSection
	GlobalSection(ExtensibilityGlobals) = postSolution
		SolutionGuid = {C9C6D4CB-8D6A-4BFB-BD40-A9771B0534B3}
	EndGlobalSection
EndGlobal
