
Microsoft Visual Studio Solution File, Format Version 12.00
# Visual Studio Version 17
VisualStudioVersion = 17.14.36327.8 d17.14
MinimumVisualStudioVersion = 10.0.40219.1
Project("{FAE04EC0-301F-11D3-BF4B-00C04F79EFBC}") = "scan_cino_a680-df", "scan_cino_a680-df\scan_cino_a680-df.csproj", "{B860E50D-DBBF-4730-944C-29D19AE6698A}"
EndProject
Global
	GlobalSection(SolutionConfigurationPlatforms) = preSolution
		Debug|Any CPU = Debug|Any CPU
		Release|Any CPU = Release|Any CPU
	EndGlobalSection
	GlobalSection(ProjectConfigurationPlatforms) = postSolution
		{B860E50D-DBBF-4730-944C-29D19AE6698A}.Debug|Any CPU.ActiveCfg = Debug|Any CPU
		{B860E50D-DBBF-4730-944C-29D19AE6698A}.Debug|Any CPU.Build.0 = Debug|Any CPU
		{B860E50D-DBBF-4730-944C-29D19AE6698A}.Release|Any CPU.ActiveCfg = Release|Any CPU
		{B860E50D-DBBF-4730-944C-29D19AE6698A}.Release|Any CPU.Build.0 = Release|Any CPU
	EndGlobalSection
	GlobalSection(SolutionProperties) = preSolution
		HideSolutionNode = FALSE
	EndGlobalSection
	GlobalSection(ExtensibilityGlobals) = postSolution
		SolutionGuid = {B718F5A3-6F3A-40B7-B85D-E6609AF46646}
	EndGlobalSection
EndGlobal
